
Microsoft Visual Studio Solution File, Format Version 12.00
# Visual Studio Version 16
VisualStudioVersion = 16.0.30320.27
MinimumVisualStudioVersion = 10.0.40219.1
Project("{FAE04EC0-301F-11D3-BF4B-00C04F79EFBC}") = "APIBoletim", "APIBoletim.csproj", "{A203029A-DE14-4169-88C3-0FEB288913DA}"
EndProject
Global
	GlobalSection(SolutionConfigurationPlatforms) = preSolution
		Debug|Any CPU = Debug|Any CPU
		Release|Any CPU = Release|Any CPU
	EndGlobalSection
	GlobalSection(ProjectConfigurationPlatforms) = postSolution
		{A203029A-DE14-4169-88C3-0FEB288913DA}.Debug|Any CPU.ActiveCfg = Debug|Any CPU
		{A203029A-DE14-4169-88C3-0FEB288913DA}.Debug|Any CPU.Build.0 = Debug|Any CPU
		{A203029A-DE14-4169-88C3-0FEB288913DA}.Release|Any CPU.ActiveCfg = Release|Any CPU
		{A203029A-DE14-4169-88C3-0FEB288913DA}.Release|Any CPU.Build.0 = Release|Any CPU
	EndGlobalSection
	GlobalSection(SolutionProperties) = preSolution
		HideSolutionNode = FALSE
	EndGlobalSection
	GlobalSection(ExtensibilityGlobals) = postSolution
		SolutionGuid = {BD35C691-DEC5-4DEF-8641-2DB35F388204}
	EndGlobalSection
EndGlobal
